github.com/jeffscottbrown/applemusic v1.0.43 h1:xQNY1ow3BTjRocUwx5p6cXeoehVXF1OcpFGCg7Ez8G0=
github.com/jeffscottbrown/applemusic v1.0.43/go.mod h1:Noq78u8LBM9LW25Y0iNqKnBEICMYjUdf4U+u4RkRTgs=
github.com/patrickmn/go-cache v2.1.0+incompatible h1:HRMgzkcYKYpi3C8ajMPV8OFXaaRUnok+kx1WdO15EQc=
github.com/patrickmn/go-cache v2.1.0+incompatible/go.mod h1:3Qf8kWWT7OJRJbdiICTKqZju1ZixQ/KpMGzzAfe6+WQ=
